
Microsoft Visual Studio Solution File, Format Version 12.00
# Visual Studio Version 17
VisualStudioVersion = 17.14.36603.0 d17.14
MinimumVisualStudioVersion = 10.0.40219.1
Project("{FAE04EC0-301F-11D3-BF4B-00C04F79EFBC}") = "C# get set task 3", "C# get set task 3\C# get set task 3.csproj", "{FD8A0050-A995-4C38-879E-8696FF61F118}"
EndProject
Global
	GlobalSection(SolutionConfigurationPlatforms) = preSolution
		Debug|Any CPU = Debug|Any CPU
		Release|Any CPU = Release|Any CPU
	EndGlobalSection
	GlobalSection(ProjectConfigurationPlatforms) = postSolution
		{FD8A0050-A995-4C38-879E-8696FF61F118}.Debug|Any CPU.ActiveCfg = Debug|Any CPU
		{FD8A0050-A995-4C38-879E-8696FF61F118}.Debug|Any CPU.Build.0 = Debug|Any CPU
		{FD8A0050-A995-4C38-879E-8696FF61F118}.Release|Any CPU.ActiveCfg = Release|Any CPU
		{FD8A0050-A995-4C38-879E-8696FF61F118}.Release|Any CPU.Build.0 = Release|Any CPU
	EndGlobalSection
	GlobalSection(SolutionProperties) = preSolution
		HideSolutionNode = FALSE
	EndGlobalSection
	GlobalSection(ExtensibilityGlobals) = postSolution
		SolutionGuid = {6EC8EEE8-51A0-4A1E-B4C6-12EE6F7D077D}
	EndGlobalSection
EndGlobal
